Microsoft Visual Studio Solution File, Format Version 12.00
# Visual Studio Version 17
VisualStudioVersion = 17.5.2.0
MinimumVisualStudioVersion = 10.0.40219.1
Project("{FAE04EC0-301F-11D3-BF4B-00C04F79EFBC}") = "BloodBankManagementSystem", "BloodBankManagementSystem.csproj", "{87640B3F-1E45-DDD1-6A48-AA8499BDF5A0}"
EndProject
Global
	GlobalSection(SolutionConfigurationPlatforms) = preSolution
		Debug|Any CPU = Debug|Any CPU
		Release|Any CPU = Release|Any CPU
	EndGlobalSection
	GlobalSection(ProjectConfigurationPlatforms) = postSolution
		{87640B3F-1E45-DDD1-6A48-AA8499BDF5A0}.Debug|Any CPU.ActiveCfg = Debug|Any CPU
		{87640B3F-1E45-DDD1-6A48-AA8499BDF5A0}.Debug|Any CPU.Build.0 = Debug|Any CPU
		{87640B3F-1E45-DDD1-6A48-AA8499BDF5A0}.Release|Any CPU.ActiveCfg = Release|Any CPU
		{87640B3F-1E45-DDD1-6A48-AA8499BDF5A0}.Release|Any CPU.Build.0 = Release|Any CPU
	EndGlobalSection
	GlobalSection(SolutionProperties) = preSolution
		HideSolutionNode = FALSE
	EndGlobalSection
	GlobalSection(ExtensibilityGlobals) = postSolution
		SolutionGuid = {770C41A5-E295-4BDF-AE6B-827A0EC4187A}
	EndGlobalSection
EndGlobal
